dependencies:
  chronicler:
    dependencies:
    - name: idf
      version: '>=5.4.0'
    - name: haberturdeur/exceptions
      path: test_apps/managed_components/haberturdeur__exceptions
    source:
      path: /home/tom/Projects/bricks/chronicler
      type: local
    version: '*'
  haberturdeur/exceptions:
    dependencies:
    - name: idf
      version: '>=5.4.0'
    source:
      path: /home/tom/Projects/bricks/chronicler/host_test/managed_components/haberturdeur__exceptions
      type: local
    version: '*'
  idf:
    source:
      type: idf
    version: 5.5.1
  rapidcheck:
    dependencies: []
    source:
      path: /home/tom/Projects/bricks/chronicler/host_test/components/rapidcheck
      type: local
    version: '*'
direct_dependencies:
- chronicler
- haberturdeur/exceptions
- rapidcheck
manifest_hash: aae5df80f92de2cfcb8310e1678a42384886caf9c49c430b10d1edc2b0f3e730
target: linux
version: 2.0.0
