dependencies:
  chronicler:
    dependencies:
    - name: idf
      version: '>=5.4.0'
    - git: https://github.com/haberturdeur/bricks.git
      name: haberturdeur/exceptions
      path: exceptions
    source:
      path: /home/tom/Projects/bricks/chronicler
      type: local
    version: '*'
  haberturdeur/exceptions:
    dependencies:
    - name: idf
      version: '>=5.4.0'
    source:
      path: /home/tom/Projects/bricks/exceptions
      type: local
    version: '*'
  idf:
    source:
      type: idf
    version: 5.5.1
  rapidcheck:
    dependencies: []
    source:
      path: /home/tom/Projects/bricks/chronicler/host_test/components/rapidcheck
      type: local
    version: '*'
direct_dependencies:
- chronicler
- haberturdeur/exceptions
- rapidcheck
manifest_hash: bc1ad9e387f563236a53baa366690823236f22b8a1cdb595bd24dafad4936bfa
target: linux
version: 2.0.0
