dependencies:
  haberturdeur/chronicler:
    dependencies:
    - name: idf
      version: '>=5.4.0'
    - git: https://github.com/haberturdeur/bricks.git
      name: haberturdeur/exceptions
      path: exceptions
    source:
      path: /home/tom/Projects/bricks/chronicler
      type: local
    version: '*'
  haberturdeur/exceptions:
    component_hash: e71f3fde985e8168eaa737d37460bcf62615544a2df8a72fcdfd090d73adc7d6
    dependencies:
    - name: idf
      version: '>=5.4.0'
    source:
      git: https://github.com/haberturdeur/bricks.git
      path: exceptions
      type: git
    version: 448d05da23393ea36dd2c0dc0a3ff06e24100822
  idf:
    source:
      type: idf
    version: 5.5.1
direct_dependencies:
- haberturdeur/chronicler
- idf
manifest_hash: 2773a341eb8dfe76de1ada4c21b2ad080bd3a9070438c8850544a250a512382c
target: esp32s3
version: 2.0.0
